
Microsoft Visual Studio Solution File, Format Version 12.00
# Visual Studio 2012
Project("{8BC9CEB8-8B4A-11D0-8D11-00A0C91BC942}") = "MakeOneliteralClauses", "MakeOneliteralClauses.vcxproj", "{440D1A69-71A5-412A-9AFC-3763E9B9F43A}"
EndProject
Global
	GlobalSection(SolutionConfigurationPlatforms) = preSolution
		Debug|Win32 = Debug|Win32
		Release|Win32 = Release|Win32
	EndGlobalSection
	GlobalSection(ProjectConfigurationPlatforms) = postSolution
		{440D1A69-71A5-412A-9AFC-3763E9B9F43A}.Debug|Win32.ActiveCfg = Debug|Win32
		{440D1A69-71A5-412A-9AFC-3763E9B9F43A}.Debug|Win32.Build.0 = Debug|Win32
		{440D1A69-71A5-412A-9AFC-3763E9B9F43A}.Release|Win32.ActiveCfg = Release|Win32
		{440D1A69-71A5-412A-9AFC-3763E9B9F43A}.Release|Win32.Build.0 = Release|Win32
	EndGlobalSection
	GlobalSection(SolutionProperties) = preSolution
		HideSolutionNode = FALSE
	EndGlobalSection
EndGlobal
